{
	"name": "userCenter",
	"version": "1.0.0",
	"lockfileVersion": 2,
	"requires": true,
	"packages": {
		"": {
			"name": "userCenter",
			"version": "1.0.0",
			"license": "ISC",
			"dependencies": {
				"uni-id": "file:../../../uni_modules/uni-id/uniCloud/cloudfunctions/common/uni-id"
			}
		},
		"../../../uni_modules/uni-id/uniCloud/cloudfunctions/common/uni-id": {
			"version": "3.0.12",
			"license": "Apache-2.0",
			"dependencies": {
				"uni-config-center": "file:../../../../../uni-config-center/uniCloud/cloudfunctions/common/uni-config-center"
			}
		},
		"node_modules/uni-id": {
			"resolved": "../../../uni_modules/uni-id/uniCloud/cloudfunctions/common/uni-id",
			"link": true
		}
	},
	"dependencies": {
		"uni-id": {
			"version": "file:../../../uni_modules/uni-id/uniCloud/cloudfunctions/common/uni-id",
			"requires": {
				"uni-config-center": "file:../../../../../uni-config-center/uniCloud/cloudfunctions/common/uni-config-center"
			}
		}
	}
}
