{
  "name": "uni-id",
  "version": "3.0.12",
  "lockfileVersion": 2,
  "requires": true,
  "packages": {
    "": {
      "version": "3.0.12",
      "license": "Apache-2.0",
      "dependencies": {
        "uni-config-center": "file:../../../../../uni-config-center/uniCloud/cloudfunctions/common/uni-config-center"
      }
    },
    "../../../../../uni-config-center/uniCloud/cloudfunctions/common/uni-config-center": {
      "version": "0.0.1",
      "license": "Apache-2.0"
    },
    "node_modules/uni-config-center": {
      "resolved": "../../../../../uni-config-center/uniCloud/cloudfunctions/common/uni-config-center",
      "link": true
    }
  },
  "dependencies": {
    "uni-config-center": {
      "version": "file:../../../../../uni-config-center/uniCloud/cloudfunctions/common/uni-config-center"
    }
  }
}
